
Microsoft Visual Studio Solution File, Format Version 12.00
# Visual Studio Version 16
VisualStudioVersion = 16.0.29728.190
MinimumVisualStudioVersion = 10.0.40219.1
Project("{FAE04EC0-301F-11D3-BF4B-00C04F79EFBC}") = "Client", "Client\Client.csproj", "{97860878-3824-402C-8D33-7E0D7947C92B}"
EndProject
Project("{FAE04EC0-301F-11D3-BF4B-00C04F79EFBC}") = "HookerProcess", "HookerProcess\HookerProcess.csproj", "{C0816FD5-B0C3-4596-9963-C07F43D5C04A}"
EndProject
Global
	GlobalSection(SolutionConfigurationPlatforms) = preSolution
		Debug|Any CPU = Debug|Any CPU
		Release|Any CPU = Release|Any CPU
	EndGlobalSection
	GlobalSection(ProjectConfigurationPlatforms) = postSolution
		{97860878-3824-402C-8D33-7E0D7947C92B}.Debug|Any CPU.ActiveCfg = Debug|Any CPU
		{97860878-3824-402C-8D33-7E0D7947C92B}.Debug|Any CPU.Build.0 = Debug|Any CPU
		{97860878-3824-402C-8D33-7E0D7947C92B}.Release|Any CPU.ActiveCfg = Release|Any CPU
		{97860878-3824-402C-8D33-7E0D7947C92B}.Release|Any CPU.Build.0 = Release|Any CPU
		{C0816FD5-B0C3-4596-9963-C07F43D5C04A}.Debug|Any CPU.ActiveCfg = Debug|Any CPU
		{C0816FD5-B0C3-4596-9963-C07F43D5C04A}.Debug|Any CPU.Build.0 = Debug|Any CPU
		{C0816FD5-B0C3-4596-9963-C07F43D5C04A}.Release|Any CPU.ActiveCfg = Release|Any CPU
		{C0816FD5-B0C3-4596-9963-C07F43D5C04A}.Release|Any CPU.Build.0 = Release|Any CPU
	EndGlobalSection
	GlobalSection(SolutionProperties) = preSolution
		HideSolutionNode = FALSE
	EndGlobalSection
	GlobalSection(ExtensibilityGlobals) = postSolution
		SolutionGuid = {BC28F35F-A40C-45CD-B531-FF984BFC24AA}
	EndGlobalSection
EndGlobal
