
Microsoft Visual Studio Solution File, Format Version 12.00
# Visual Studio Version 16
VisualStudioVersion = 16.0.29728.190
MinimumVisualStudioVersion = 10.0.40219.1
Project("{FAE04EC0-301F-11D3-BF4B-00C04F79EFBC}") = "Server", "Server\Server.csproj", "{7E13E15C-FC98-4002-8393-DB8DDFE1EF0D}"
EndProject
Project("{54435603-DBB4-11D2-8724-00A0C9A8B90C}") = "Setup", "Setup\Setup.vdproj", "{C81B6D78-A317-4C71-9657-05D3D6B04C4D}"
EndProject
Global
	GlobalSection(SolutionConfigurationPlatforms) = preSolution
		Debug|Any CPU = Debug|Any CPU
		Release|Any CPU = Release|Any CPU
	EndGlobalSection
	GlobalSection(ProjectConfigurationPlatforms) = postSolution
		{7E13E15C-FC98-4002-8393-DB8DDFE1EF0D}.Debug|Any CPU.ActiveCfg = Debug|Any CPU
		{7E13E15C-FC98-4002-8393-DB8DDFE1EF0D}.Debug|Any CPU.Build.0 = Debug|Any CPU
		{7E13E15C-FC98-4002-8393-DB8DDFE1EF0D}.Release|Any CPU.ActiveCfg = Release|Any CPU
		{7E13E15C-FC98-4002-8393-DB8DDFE1EF0D}.Release|Any CPU.Build.0 = Release|Any CPU
		{C81B6D78-A317-4C71-9657-05D3D6B04C4D}.Debug|Any CPU.ActiveCfg = Debug
		{C81B6D78-A317-4C71-9657-05D3D6B04C4D}.Release|Any CPU.ActiveCfg = Release
	EndGlobalSection
	GlobalSection(SolutionProperties) = preSolution
		HideSolutionNode = FALSE
	EndGlobalSection
	GlobalSection(ExtensibilityGlobals) = postSolution
		SolutionGuid = {5CEA05D0-DE64-456A-B37D-FD905140FA2A}
	EndGlobalSection
EndGlobal
