
Microsoft Visual Studio Solution File, Format Version 12.00
# Visual Studio Version 16
VisualStudioVersion = 16.0.29728.190
MinimumVisualStudioVersion = 10.0.40219.1
Project("{FAE04EC0-301F-11D3-BF4B-00C04F79EFBC}") = "monitorSharing_server", "monitorSharing_server\monitorSharing_server.csproj", "{F6F229BB-42E9-40E3-B3AB-58E5ED402745}"
EndProject
Global
	GlobalSection(SolutionConfigurationPlatforms) = preSolution
		Debug|Any CPU = Debug|Any CPU
		Release|Any CPU = Release|Any CPU
	EndGlobalSection
	GlobalSection(ProjectConfigurationPlatforms) = postSolution
		{F6F229BB-42E9-40E3-B3AB-58E5ED402745}.Debug|Any CPU.ActiveCfg = Debug|Any CPU
		{F6F229BB-42E9-40E3-B3AB-58E5ED402745}.Debug|Any CPU.Build.0 = Debug|Any CPU
		{F6F229BB-42E9-40E3-B3AB-58E5ED402745}.Release|Any CPU.ActiveCfg = Release|Any CPU
		{F6F229BB-42E9-40E3-B3AB-58E5ED402745}.Release|Any CPU.Build.0 = Release|Any CPU
	EndGlobalSection
	GlobalSection(SolutionProperties) = preSolution
		HideSolutionNode = FALSE
	EndGlobalSection
	GlobalSection(ExtensibilityGlobals) = postSolution
		SolutionGuid = {ACF74C73-7801-4957-A778-7FEE0566B82C}
	EndGlobalSection
EndGlobal
